
Microsoft Visual Studio Solution File, Format Version 12.00
# Visual Studio Version 17
VisualStudioVersion = 17.10.35122.118
MinimumVisualStudioVersion = 10.0.40219.1
Project("{9A19103F-16F7-4668-BE54-9A1E7A4F7556}") = "ParkSpot", "ParkSpot\ParkSpot.csproj", "{C0F05DA2-B714-45FD-BB42-F18EC3E5E6E0}"
EndProject
Project("{9A19103F-16F7-4668-BE54-9A1E7A4F7556}") = "Service", "Service\Service.csproj", "{0B7F5BF8-BC4C-4910-A685-B712442721E3}"
EndProject
Project("{9A19103F-16F7-4668-BE54-9A1E7A4F7556}") = "xUnit", "xUnit\xUnit.csproj", "{AEF98305-DAE4-404D-B6B5-FED69FF0A3B3}"
EndProject
Project("{FAE04EC0-301F-11D3-BF4B-00C04F79EFBC}") = "DAL", "DAL\DAL.csproj", "{9E6FDD2C-9917-4530-B907-F979699A170C}"
EndProject
Project("{FAE04EC0-301F-11D3-BF4B-00C04F79EFBC}") = "Domain", "Domain\Domain.csproj", "{4465B14F-F6B1-4848-9BAA-11ABF02777A7}"
EndProject
Global
	GlobalSection(SolutionConfigurationPlatforms) = preSolution
		Debug|Any CPU = Debug|Any CPU
		Release|Any CPU = Release|Any CPU
	EndGlobalSection
	GlobalSection(ProjectConfigurationPlatforms) = postSolution
		{C0F05DA2-B714-45FD-BB42-F18EC3E5E6E0}.Debug|Any CPU.ActiveCfg = Debug|Any CPU
		{C0F05DA2-B714-45FD-BB42-F18EC3E5E6E0}.Debug|Any CPU.Build.0 = Debug|Any CPU
		{C0F05DA2-B714-45FD-BB42-F18EC3E5E6E0}.Release|Any CPU.ActiveCfg = Release|Any CPU
		{C0F05DA2-B714-45FD-BB42-F18EC3E5E6E0}.Release|Any CPU.Build.0 = Release|Any CPU
		{0B7F5BF8-BC4C-4910-A685-B712442721E3}.Debug|Any CPU.ActiveCfg = Debug|Any CPU
		{0B7F5BF8-BC4C-4910-A685-B712442721E3}.Debug|Any CPU.Build.0 = Debug|Any CPU
		{0B7F5BF8-BC4C-4910-A685-B712442721E3}.Release|Any CPU.ActiveCfg = Release|Any CPU
		{0B7F5BF8-BC4C-4910-A685-B712442721E3}.Release|Any CPU.Build.0 = Release|Any CPU
		{AEF98305-DAE4-404D-B6B5-FED69FF0A3B3}.Debug|Any CPU.ActiveCfg = Debug|Any CPU
		{AEF98305-DAE4-404D-B6B5-FED69FF0A3B3}.Debug|Any CPU.Build.0 = Debug|Any CPU
		{AEF98305-DAE4-404D-B6B5-FED69FF0A3B3}.Release|Any CPU.ActiveCfg = Release|Any CPU
		{AEF98305-DAE4-404D-B6B5-FED69FF0A3B3}.Release|Any CPU.Build.0 = Release|Any CPU
		{9E6FDD2C-9917-4530-B907-F979699A170C}.Debug|Any CPU.ActiveCfg = Debug|Any CPU
		{9E6FDD2C-9917-4530-B907-F979699A170C}.Debug|Any CPU.Build.0 = Debug|Any CPU
		{9E6FDD2C-9917-4530-B907-F979699A170C}.Release|Any CPU.ActiveCfg = Release|Any CPU
		{9E6FDD2C-9917-4530-B907-F979699A170C}.Release|Any CPU.Build.0 = Release|Any CPU
		{4465B14F-F6B1-4848-9BAA-11ABF02777A7}.Debug|Any CPU.ActiveCfg = Debug|Any CPU
		{4465B14F-F6B1-4848-9BAA-11ABF02777A7}.Debug|Any CPU.Build.0 = Debug|Any CPU
		{4465B14F-F6B1-4848-9BAA-11ABF02777A7}.Release|Any CPU.ActiveCfg = Release|Any CPU
		{4465B14F-F6B1-4848-9BAA-11ABF02777A7}.Release|Any CPU.Build.0 = Release|Any CPU
	EndGlobalSection
	GlobalSection(SolutionProperties) = preSolution
		HideSolutionNode = FALSE
	EndGlobalSection
	GlobalSection(ExtensibilityGlobals) = postSolution
		SolutionGuid = {98D42A63-4777-4857-85E6-0E1A654D6E64}
	EndGlobalSection
EndGlobal
